
Microsoft Visual Studio Solution File, Format Version 11.00
# Visual Studio 2010
Project("{FAE04EC0-301F-11D3-BF4B-00C04F79EFBC}") = "Assembly-CSharp", "Assembly-CSharp.csproj", "{CAAE2A31-BCA8-7DF7-0ED3-93936D659400}"
EndProject
Global
	GlobalSection(SolutionConfigurationPlatforms) = preSolution
		Debug|Any CPU = Debug|Any CPU
		Release|Any CPU = Release|Any CPU
	EndGlobalSection
	GlobalSection(ProjectConfigurationPlatforms) = postSolution
		{CAAE2A31-BCA8-7DF7-0ED3-93936D659400}.Debug|Any CPU.ActiveCfg = Debug|Any CPU
		{CAAE2A31-BCA8-7DF7-0ED3-93936D659400}.Debug|Any CPU.Build.0 = Debug|Any CPU
		{CAAE2A31-BCA8-7DF7-0ED3-93936D659400}.Release|Any CPU.ActiveCfg = Release|Any CPU
		{CAAE2A31-BCA8-7DF7-0ED3-93936D659400}.Release|Any CPU.Build.0 = Release|Any CPU
	EndGlobalSection
	GlobalSection(SolutionProperties) = preSolution
		HideSolutionNode = FALSE
	EndGlobalSection
	GlobalSection(MonoDevelopProperties) = preSolution
		StartupItem = Assembly-CSharp.csproj
	EndGlobalSection
EndGlobal
